
Microsoft Visual Studio Solution File, Format Version 12.00
# Visual Studio 15
VisualStudioVersion = 15.0.27130.2027
MinimumVisualStudioVersion = 10.0.40219.1
Project("{FAE04EC0-301F-11D3-BF4B-00C04F79EFBC}") = "Les2Week2Oefeningen", "Les2Week2Oefeningen\Les2Week2Oefeningen.csproj", "{A84FA4AA-69BB-4B83-A23F-3EE5BF410A5E}"
EndProject
Global
	GlobalSection(SolutionConfigurationPlatforms) = preSolution
		Debug|Any CPU = Debug|Any CPU
		Release|Any CPU = Release|Any CPU
	EndGlobalSection
	GlobalSection(ProjectConfigurationPlatforms) = postSolution
		{A84FA4AA-69BB-4B83-A23F-3EE5BF410A5E}.Debug|Any CPU.ActiveCfg = Debug|Any CPU
		{A84FA4AA-69BB-4B83-A23F-3EE5BF410A5E}.Debug|Any CPU.Build.0 = Debug|Any CPU
		{A84FA4AA-69BB-4B83-A23F-3EE5BF410A5E}.Release|Any CPU.ActiveCfg = Release|Any CPU
		{A84FA4AA-69BB-4B83-A23F-3EE5BF410A5E}.Release|Any CPU.Build.0 = Release|Any CPU
	EndGlobalSection
	GlobalSection(SolutionProperties) = preSolution
		HideSolutionNode = FALSE
	EndGlobalSection
	GlobalSection(ExtensibilityGlobals) = postSolution
		SolutionGuid = {24EB226D-AA53-4F47-AFE4-BAA0A72D9FEE}
	EndGlobalSection
EndGlobal
